
Microsoft Visual Studio Solution File, Format Version 12.00
# Visual Studio Version 17
VisualStudioVersion = 17.11.35303.130
MinimumVisualStudioVersion = 10.0.40219.1
Project("{FAE04EC0-301F-11D3-BF4B-00C04F79EFBC}") = "docghifile", "docghifile.csproj", "{BF7B6285-E30B-4FDC-B7EA-8019CA648665}"
EndProject
Global
	GlobalSection(SolutionConfigurationPlatforms) = preSolution
		Debug|Any CPU = Debug|Any CPU
		Release|Any CPU = Release|Any CPU
	EndGlobalSection
	GlobalSection(ProjectConfigurationPlatforms) = postSolution
		{BF7B6285-E30B-4FDC-B7EA-8019CA648665}.Debug|Any CPU.ActiveCfg = Debug|Any CPU
		{BF7B6285-E30B-4FDC-B7EA-8019CA648665}.Debug|Any CPU.Build.0 = Debug|Any CPU
		{BF7B6285-E30B-4FDC-B7EA-8019CA648665}.Release|Any CPU.ActiveCfg = Release|Any CPU
		{BF7B6285-E30B-4FDC-B7EA-8019CA648665}.Release|Any CPU.Build.0 = Release|Any CPU
	EndGlobalSection
	GlobalSection(SolutionProperties) = preSolution
		HideSolutionNode = FALSE
	EndGlobalSection
	GlobalSection(ExtensibilityGlobals) = postSolution
		SolutionGuid = {1F0DAE94-07B7-44EE-B1CA-21464401E6DE}
	EndGlobalSection
EndGlobal
